
Microsoft Visual Studio Solution File, Format Version 12.00
# Visual Studio 15
VisualStudioVersion = 15.0.28010.2003
MinimumVisualStudioVersion = 10.0.40219.1
Project("{FAE04EC0-301F-11D3-BF4B-00C04F79EFBC}") = "wix-verify", "wix-verify\wix-verify.csproj", "{9AEED7CD-22F3-43A0-9349-7CE7D13B13B4}"
EndProject
Global
	GlobalSection(SolutionConfigurationPlatforms) = preSolution
		Debug|Any CPU = Debug|Any CPU
		Release|Any CPU = Release|Any CPU
	EndGlobalSection
	GlobalSection(ProjectConfigurationPlatforms) = postSolution
		{9AEED7CD-22F3-43A0-9349-7CE7D13B13B4}.Debug|Any CPU.ActiveCfg = Debug|Any CPU
		{9AEED7CD-22F3-43A0-9349-7CE7D13B13B4}.Debug|Any CPU.Build.0 = Debug|Any CPU
		{9AEED7CD-22F3-43A0-9349-7CE7D13B13B4}.Release|Any CPU.ActiveCfg = Release|Any CPU
		{9AEED7CD-22F3-43A0-9349-7CE7D13B13B4}.Release|Any CPU.Build.0 = Release|Any CPU
	EndGlobalSection
	GlobalSection(SolutionProperties) = preSolution
		HideSolutionNode = FALSE
	EndGlobalSection
	GlobalSection(ExtensibilityGlobals) = postSolution
		SolutionGuid = {4E1F0ACF-76D1-44ED-80F1-F7AD3214A9F7}
	EndGlobalSection
EndGlobal
